
Microsoft Visual Studio Solution File, Format Version 12.00
# Visual Studio Version 16
VisualStudioVersion = 16.0.30803.129
MinimumVisualStudioVersion = 10.0.40219.1
Project("{FAE04EC0-301F-11D3-BF4B-00C04F79EFBC}") = "VDAP.WASMPopupMessage", "VDAP.WASMPopupMessage\VDAP.WASMPopupMessage.csproj", "{5B82858D-6F9B-4D23-AB10-519F39A3A2D1}"
EndProject
Global
	GlobalSection(SolutionConfigurationPlatforms) = preSolution
		Debug|Any CPU = Debug|Any CPU
		Release|Any CPU = Release|Any CPU
	EndGlobalSection
	GlobalSection(ProjectConfigurationPlatforms) = postSolution
		{5B82858D-6F9B-4D23-AB10-519F39A3A2D1}.Debug|Any CPU.ActiveCfg = Debug|Any CPU
		{5B82858D-6F9B-4D23-AB10-519F39A3A2D1}.Debug|Any CPU.Build.0 = Debug|Any CPU
		{5B82858D-6F9B-4D23-AB10-519F39A3A2D1}.Release|Any CPU.ActiveCfg = Release|Any CPU
		{5B82858D-6F9B-4D23-AB10-519F39A3A2D1}.Release|Any CPU.Build.0 = Release|Any CPU
	EndGlobalSection
	GlobalSection(SolutionProperties) = preSolution
		HideSolutionNode = FALSE
	EndGlobalSection
	GlobalSection(ExtensibilityGlobals) = postSolution
		SolutionGuid = {CB456CDF-E30D-45BC-BCBD-9571B3E24ABC}
	EndGlobalSection
EndGlobal
